
Microsoft Visual Studio Solution File, Format Version 12.00
# Visual Studio 15
VisualStudioVersion = 15.0.28010.2036
MinimumVisualStudioVersion = 10.0.40219.1
Project("{A0786B88-2ADB-4C21-ABE8-AA2D79766269}") = "MaintenanceReptile", "..\..\..\Wamp\www\MaintenanceReptile\MaintenanceReptile\MaintenanceReptile.phpproj", "{4EAC3253-5EAA-441A-9D72-323BB5CA5E0F}"
EndProject
Global
	GlobalSection(SolutionConfigurationPlatforms) = preSolution
		Debug|Any CPU = Debug|Any CPU
		Release|Any CPU = Release|Any CPU
	EndGlobalSection
	GlobalSection(ProjectConfigurationPlatforms) = postSolution
		{4EAC3253-5EAA-441A-9D72-323BB5CA5E0F}.Debug|Any CPU.ActiveCfg = Debug|Any CPU
		{4EAC3253-5EAA-441A-9D72-323BB5CA5E0F}.Release|Any CPU.ActiveCfg = Release|Any CPU
	EndGlobalSection
	GlobalSection(SolutionProperties) = preSolution
		HideSolutionNode = FALSE
	EndGlobalSection
	GlobalSection(ExtensibilityGlobals) = postSolution
		SolutionGuid = {80DB9449-B73C-4183-801C-CF75761DD9A6}
	EndGlobalSection
EndGlobal
